{
  "version": 4,
  "terraform_version": "1.5.3",
  "serial": 9,
  "lineage": "c917603c-2c43-480b-cfcd-2a3c706d1367",
  "outputs": {},
  "resources": [
    {
      "mode": "managed",
      "type": "aws_vpc",
      "name": "mtc_vpc",
      "provider": "provider[\"registry.terraform.io/hashicorp/aws\"]",
      "instances": [
        {
          "schema_version": 1,
          "attributes": {
            "arn": "arn:aws:ec2:us-west-1:725291656587:vpc/vpc-0eb47ba853da8bc06",
            "assign_generated_ipv6_cidr_block": false,
            "cidr_block": "10.123.0.0/16",
            "default_network_acl_id": "acl-01549fae263ed9806",
            "default_route_table_id": "rtb-00d8f31f84c25187b",
            "default_security_group_id": "sg-064781b41f35b2a9f",
            "dhcp_options_id": "dopt-0040c8125b02aaa19",
            "enable_dns_hostnames": true,
            "enable_dns_support": true,
            "enable_network_address_usage_metrics": false,
            "id": "vpc-0eb47ba853da8bc06",
            "instance_tenancy": "default",
            "ipv4_ipam_pool_id": null,
            "ipv4_netmask_length": null,
            "ipv6_association_id": "",
            "ipv6_cidr_block": "",
            "ipv6_cidr_block_network_border_group": "",
            "ipv6_ipam_pool_id": "",
            "ipv6_netmask_length": 0,
            "main_route_table_id": "rtb-00d8f31f84c25187b",
            "owner_id": "725291656587",
            "tags": {
              "Name": "mtc_vpc"
            },
            "tags_all": {
              "Name": "mtc_vpc"
            }
          },
          "sensitive_attributes": [],
          "private": "eyJzY2hlbWFfdmVyc2lvbiI6IjEifQ=="
        }
      ]
    }
  ],
  "check_results": null
}
